
Microsoft Visual Studio Solution File, Format Version 11.00
# Visual Studio 2010
Project("{FAE04EC0-301F-11D3-BF4B-00C04F79EFBC}") = "Assembly-CSharp", "Assembly-CSharp.csproj", "{51FC21DD-035E-D720-9A60-1202F1944533}"
EndProject
Project("{FAE04EC0-301F-11D3-BF4B-00C04F79EFBC}") = "PhotonUnityNetworking", "PhotonUnityNetworking.csproj", "{2A875BAD-33D6-0C1F-A88D-51C45750BB27}"
EndProject
Project("{FAE04EC0-301F-11D3-BF4B-00C04F79EFBC}") = "PhotonUnityNetworking.Demos", "PhotonUnityNetworking.Demos.csproj", "{51D76CD2-E0A9-079F-CFFA-6E26876D2348}"
EndProject
Project("{FAE04EC0-301F-11D3-BF4B-00C04F79EFBC}") = "PhotonUnityNetworking.Utilities", "PhotonUnityNetworking.Utilities.csproj", "{9EA22203-2ECA-9113-7E21-2914AA17D3BB}"
EndProject
Project("{FAE04EC0-301F-11D3-BF4B-00C04F79EFBC}") = "PhotonChat", "PhotonChat.csproj", "{0D318B2C-5150-9C6E-2FD5-F432DBDABAAC}"
EndProject
Project("{FAE04EC0-301F-11D3-BF4B-00C04F79EFBC}") = "PhotonRealtime", "PhotonRealtime.csproj", "{D1DC4FF4-A026-1A70-3904-0648AC42F36D}"
EndProject
Project("{FAE04EC0-301F-11D3-BF4B-00C04F79EFBC}") = "PhotonUnityNetworking.Editor", "PhotonUnityNetworking.Editor.csproj", "{7E74F7D8-2ED0-D887-780F-A7A943636A4E}"
EndProject
Project("{FAE04EC0-301F-11D3-BF4B-00C04F79EFBC}") = "PunDemos.DemoHubEditor", "PunDemos.DemoHubEditor.csproj", "{3141EC20-4375-92D4-8D21-EDAD297D5907}"
EndProject
Project("{FAE04EC0-301F-11D3-BF4B-00C04F79EFBC}") = "PhotonUnityNetworking.Utilities.PhotonPlayer.Editor", "PhotonUnityNetworking.Utilities.PhotonPlayer.Editor.csproj", "{D82D7C3E-A876-A96F-ABCE-30AF8DBB9B66}"
EndProject
Project("{FAE04EC0-301F-11D3-BF4B-00C04F79EFBC}") = "PhotonUnityNetworking.Utilities.Culling.Editor", "PhotonUnityNetworking.Utilities.Culling.Editor.csproj", "{BB3C278E-24F8-A1CD-D403-262EBD12169A}"
EndProject
Project("{FAE04EC0-301F-11D3-BF4B-00C04F79EFBC}") = "PunDemos.DemoSlotcarEditor", "PunDemos.DemoSlotcarEditor.csproj", "{DA607466-037A-8497-0B20-414DBBA335BF}"
EndProject
Global
	GlobalSection(SolutionConfigurationPlatforms) = preSolution
		Debug|Any CPU = Debug|Any CPU
		Release|Any CPU = Release|Any CPU
	EndGlobalSection
	GlobalSection(ProjectConfigurationPlatforms) = postSolution
		{51FC21DD-035E-D720-9A60-1202F1944533}.Debug|Any CPU.ActiveCfg = Debug|Any CPU
		{51FC21DD-035E-D720-9A60-1202F1944533}.Debug|Any CPU.Build.0 = Debug|Any CPU
		{51FC21DD-035E-D720-9A60-1202F1944533}.Release|Any CPU.ActiveCfg = Release|Any CPU
		{51FC21DD-035E-D720-9A60-1202F1944533}.Release|Any CPU.Build.0 = Release|Any CPU
		{2A875BAD-33D6-0C1F-A88D-51C45750BB27}.Debug|Any CPU.ActiveCfg = Debug|Any CPU
		{2A875BAD-33D6-0C1F-A88D-51C45750BB27}.Debug|Any CPU.Build.0 = Debug|Any CPU
		{2A875BAD-33D6-0C1F-A88D-51C45750BB27}.Release|Any CPU.ActiveCfg = Release|Any CPU
		{2A875BAD-33D6-0C1F-A88D-51C45750BB27}.Release|Any CPU.Build.0 = Release|Any CPU
		{51D76CD2-E0A9-079F-CFFA-6E26876D2348}.Debug|Any CPU.ActiveCfg = Debug|Any CPU
		{51D76CD2-E0A9-079F-CFFA-6E26876D2348}.Debug|Any CPU.Build.0 = Debug|Any CPU
		{51D76CD2-E0A9-079F-CFFA-6E26876D2348}.Release|Any CPU.ActiveCfg = Release|Any CPU
		{51D76CD2-E0A9-079F-CFFA-6E26876D2348}.Release|Any CPU.Build.0 = Release|Any CPU
		{9EA22203-2ECA-9113-7E21-2914AA17D3BB}.Debug|Any CPU.ActiveCfg = Debug|Any CPU
		{9EA22203-2ECA-9113-7E21-2914AA17D3BB}.Debug|Any CPU.Build.0 = Debug|Any CPU
		{9EA22203-2ECA-9113-7E21-2914AA17D3BB}.Release|Any CPU.ActiveCfg = Release|Any CPU
		{9EA22203-2ECA-9113-7E21-2914AA17D3BB}.Release|Any CPU.Build.0 = Release|Any CPU
		{0D318B2C-5150-9C6E-2FD5-F432DBDABAAC}.Debug|Any CPU.ActiveCfg = Debug|Any CPU
		{0D318B2C-5150-9C6E-2FD5-F432DBDABAAC}.Debug|Any CPU.Build.0 = Debug|Any CPU
		{0D318B2C-5150-9C6E-2FD5-F432DBDABAAC}.Release|Any CPU.ActiveCfg = Release|Any CPU
		{0D318B2C-5150-9C6E-2FD5-F432DBDABAAC}.Release|Any CPU.Build.0 = Release|Any CPU
		{D1DC4FF4-A026-1A70-3904-0648AC42F36D}.Debug|Any CPU.ActiveCfg = Debug|Any CPU
		{D1DC4FF4-A026-1A70-3904-0648AC42F36D}.Debug|Any CPU.Build.0 = Debug|Any CPU
		{D1DC4FF4-A026-1A70-3904-0648AC42F36D}.Release|Any CPU.ActiveCfg = Release|Any CPU
		{D1DC4FF4-A026-1A70-3904-0648AC42F36D}.Release|Any CPU.Build.0 = Release|Any CPU
		{7E74F7D8-2ED0-D887-780F-A7A943636A4E}.Debug|Any CPU.ActiveCfg = Debug|Any CPU
		{7E74F7D8-2ED0-D887-780F-A7A943636A4E}.Debug|Any CPU.Build.0 = Debug|Any CPU
		{7E74F7D8-2ED0-D887-780F-A7A943636A4E}.Release|Any CPU.ActiveCfg = Release|Any CPU
		{7E74F7D8-2ED0-D887-780F-A7A943636A4E}.Release|Any CPU.Build.0 = Release|Any CPU
		{3141EC20-4375-92D4-8D21-EDAD297D5907}.Debug|Any CPU.ActiveCfg = Debug|Any CPU
		{3141EC20-4375-92D4-8D21-EDAD297D5907}.Debug|Any CPU.Build.0 = Debug|Any CPU
		{3141EC20-4375-92D4-8D21-EDAD297D5907}.Release|Any CPU.ActiveCfg = Release|Any CPU
		{3141EC20-4375-92D4-8D21-EDAD297D5907}.Release|Any CPU.Build.0 = Release|Any CPU
		{D82D7C3E-A876-A96F-ABCE-30AF8DBB9B66}.Debug|Any CPU.ActiveCfg = Debug|Any CPU
		{D82D7C3E-A876-A96F-ABCE-30AF8DBB9B66}.Debug|Any CPU.Build.0 = Debug|Any CPU
		{D82D7C3E-A876-A96F-ABCE-30AF8DBB9B66}.Release|Any CPU.ActiveCfg = Release|Any CPU
		{D82D7C3E-A876-A96F-ABCE-30AF8DBB9B66}.Release|Any CPU.Build.0 = Release|Any CPU
		{BB3C278E-24F8-A1CD-D403-262EBD12169A}.Debug|Any CPU.ActiveCfg = Debug|Any CPU
		{BB3C278E-24F8-A1CD-D403-262EBD12169A}.Debug|Any CPU.Build.0 = Debug|Any CPU
		{BB3C278E-24F8-A1CD-D403-262EBD12169A}.Release|Any CPU.ActiveCfg = Release|Any CPU
		{BB3C278E-24F8-A1CD-D403-262EBD12169A}.Release|Any CPU.Build.0 = Release|Any CPU
		{DA607466-037A-8497-0B20-414DBBA335BF}.Debug|Any CPU.ActiveCfg = Debug|Any CPU
		{DA607466-037A-8497-0B20-414DBBA335BF}.Debug|Any CPU.Build.0 = Debug|Any CPU
		{DA607466-037A-8497-0B20-414DBBA335BF}.Release|Any CPU.ActiveCfg = Release|Any CPU
		{DA607466-037A-8497-0B20-414DBBA335BF}.Release|Any CPU.Build.0 = Release|Any CPU
	EndGlobalSection
	GlobalSection(SolutionProperties) = preSolution
		HideSolutionNode = FALSE
	EndGlobalSection
EndGlobal
